
Microsoft Visual Studio Solution File, Format Version 12.00
# Visual Studio Version 16
VisualStudioVersion = 16.0.28803.202
MinimumVisualStudioVersion = 10.0.40219.1
Project("{9A19103F-16F7-4668-BE54-9A1E7A4F7556}") = "DatingApp.API", "DatingApp.API.csproj", "{EF51D1D9-BCBF-4CA7-914A-54A4B3BF44C2}"
EndProject
Global
	GlobalSection(SolutionConfigurationPlatforms) = preSolution
		Debug|Any CPU = Debug|Any CPU
		Release|Any CPU = Release|Any CPU
	EndGlobalSection
	GlobalSection(ProjectConfigurationPlatforms) = postSolution
		{EF51D1D9-BCBF-4CA7-914A-54A4B3BF44C2}.Debug|Any CPU.ActiveCfg = Debug|Any CPU
		{EF51D1D9-BCBF-4CA7-914A-54A4B3BF44C2}.Debug|Any CPU.Build.0 = Debug|Any CPU
		{EF51D1D9-BCBF-4CA7-914A-54A4B3BF44C2}.Release|Any CPU.ActiveCfg = Release|Any CPU
		{EF51D1D9-BCBF-4CA7-914A-54A4B3BF44C2}.Release|Any CPU.Build.0 = Release|Any CPU
	EndGlobalSection
	GlobalSection(SolutionProperties) = preSolution
		HideSolutionNode = FALSE
	EndGlobalSection
	GlobalSection(ExtensibilityGlobals) = postSolution
		SolutionGuid = {F12BF258-E517-4A38-BBB1-49ACCB22BFE0}
	EndGlobalSection
EndGlobal
